
Microsoft Visual Studio Solution File, Format Version 12.00
# Visual Studio Version 17
VisualStudioVersion = 17.2.32630.192
MinimumVisualStudioVersion = 10.0.40219.1
Project("{9A19103F-16F7-4668-BE54-9A1E7A4F7556}") = "Crawler.Sample", "Crawler.Sample\Crawler.Sample.csproj", "{E0305B82-0206-4321-8F90-FB9528E0FF0E}"
EndProject
Project("{9A19103F-16F7-4668-BE54-9A1E7A4F7556}") = "Crawler.Sample.Tests", "Crawler.Sample.Tests\Crawler.Sample.Tests.csproj", "{8AD9BE9B-054C-4FDF-A519-6BE9A7A59DD6}"
EndProject
Global
	GlobalSection(SolutionConfigurationPlatforms) = preSolution
		Debug|Any CPU = Debug|Any CPU
		Release|Any CPU = Release|Any CPU
	EndGlobalSection
	GlobalSection(ProjectConfigurationPlatforms) = postSolution
		{E0305B82-0206-4321-8F90-FB9528E0FF0E}.Debug|Any CPU.ActiveCfg = Debug|Any CPU
		{E0305B82-0206-4321-8F90-FB9528E0FF0E}.Debug|Any CPU.Build.0 = Debug|Any CPU
		{E0305B82-0206-4321-8F90-FB9528E0FF0E}.Release|Any CPU.ActiveCfg = Release|Any CPU
		{E0305B82-0206-4321-8F90-FB9528E0FF0E}.Release|Any CPU.Build.0 = Release|Any CPU
		{8AD9BE9B-054C-4FDF-A519-6BE9A7A59DD6}.Debug|Any CPU.ActiveCfg = Debug|Any CPU
		{8AD9BE9B-054C-4FDF-A519-6BE9A7A59DD6}.Debug|Any CPU.Build.0 = Debug|Any CPU
		{8AD9BE9B-054C-4FDF-A519-6BE9A7A59DD6}.Release|Any CPU.ActiveCfg = Release|Any CPU
		{8AD9BE9B-054C-4FDF-A519-6BE9A7A59DD6}.Release|Any CPU.Build.0 = Release|Any CPU
	EndGlobalSection
	GlobalSection(SolutionProperties) = preSolution
		HideSolutionNode = FALSE
	EndGlobalSection
	GlobalSection(ExtensibilityGlobals) = postSolution
		SolutionGuid = {22D15649-E817-4025-A06E-EA5F221F28A2}
	EndGlobalSection
EndGlobal
